
Microsoft Visual Studio Solution File, Format Version 12.00
# Visual Studio Version 17
VisualStudioVersion = 17.11.35222.181
MinimumVisualStudioVersion = 10.0.40219.1
Project("{FAE04EC0-301F-11D3-BF4B-00C04F79EFBC}") = "LibrarySystem.API", "LibrarySystem.API\LibrarySystem.API.csproj", "{94177EEB-58A0-44D9-B8A6-B4F0CAE59771}"
EndProject
Global
	GlobalSection(SolutionConfigurationPlatforms) = preSolution
		Debug|Any CPU = Debug|Any CPU
		Release|Any CPU = Release|Any CPU
	EndGlobalSection
	GlobalSection(ProjectConfigurationPlatforms) = postSolution
		{94177EEB-58A0-44D9-B8A6-B4F0CAE59771}.Debug|Any CPU.ActiveCfg = Debug|Any CPU
		{94177EEB-58A0-44D9-B8A6-B4F0CAE59771}.Debug|Any CPU.Build.0 = Debug|Any CPU
		{94177EEB-58A0-44D9-B8A6-B4F0CAE59771}.Release|Any CPU.ActiveCfg = Release|Any CPU
		{94177EEB-58A0-44D9-B8A6-B4F0CAE59771}.Release|Any CPU.Build.0 = Release|Any CPU
	EndGlobalSection
	GlobalSection(SolutionProperties) = preSolution
		HideSolutionNode = FALSE
	EndGlobalSection
	GlobalSection(ExtensibilityGlobals) = postSolution
		SolutionGuid = {8A3E9F2D-547A-4915-91BC-1712CF463442}
	EndGlobalSection
EndGlobal
